<?xml version="1.0" encoding="utf-8"?>
<Project ToolsVersion="4.0" xmlns="http://schemas.microsoft.com/developer/msbuild/2003">
  <ItemGroup>
    <Filter Include="Source Files">
      <UniqueIdentifier>{4FC737F1-C7A5-4376-A066-2A32D752A2FF}</UniqueIdentifier>
      <Extensions>cpp;c;cc;cxx;c++;cppm;ixx;def;odl;idl;hpj;bat;asm;asmx</Extensions>
    </Filter>
    <Filter Include="Header Files">
      <UniqueIdentifier>{93995380-89BD-4b04-88EB-625FBE52EBFB}</UniqueIdentifier>
      <Extensions>h;hh;hpp;hxx;h++;hm;inl;inc;ipp;xsd</Extensions>
    </Filter>
    <Filter Include="Resource Files">
      <UniqueIdentifier>{67DA6AB6-F800-4c08-8B7A-83BB121AAD01}</UniqueIdentifier>
      <Extensions>rc;ico;cur;bmp;dlg;rc2;rct;bin;rgs;gif;jpg;jpeg;jpe;resx;tiff;tif;png;wav;mfcribbon-ms</Extensions>
    </Filter>
    <Filter Include="Source Files\common">
      <UniqueIdentifier>{0ae49e97-89a7-4f01-80dc-6243b8fbc9b6}</UniqueIdentifier>
    </Filter>
    <Filter Include="Header Files\common">
      <UniqueIdentifier>{6229c5a6-ac12-45b6-8245-eefad9bde5c5}</UniqueIdentifier>
    </Filter>
  </ItemGroup>
  <ItemGroup>
    <ClCompile Include="src\assemble.cpp">
      <Filter>Source Files</Filter>
    </ClCompile>
    <ClCompile Include="src\Block.cpp">
      <Filter>Source Files</Filter>
    </ClCompile>
    <ClCompile Include="src\error.cpp">
      <Filter>Source Files</Filter>
    </ClCompile>
    <ClCompile Include="src\handle_instr.cpp">
      <Filter>Source Files</Filter>
    </ClCompile>
    <ClCompile Include="src\handle_jump.cpp">
      <Filter>Source Files</Filter>
    </ClCompile>
    <ClCompile Include="src\link.cpp">
      <Filter>Source Files</Filter>
    </ClCompile>
    <ClCompile Include="src\main.cpp">
      <Filter>Source Files</Filter>
    </ClCompile>
    <ClCompile Include="src\parse.cpp">
      <Filter>Source Files</Filter>
    </ClCompile>
    <ClCompile Include="src\Statement.cpp">
      <Filter>Source Files</Filter>
    </ClCompile>
    <ClCompile Include="src\tas.cpp">
      <Filter>Source Files</Filter>
    </ClCompile>
    <ClCompile Include="src\Token.cpp">
      <Filter>Source Files</Filter>
    </ClCompile>
    <ClCompile Include="src\tokenize.cpp">
      <Filter>Source Files</Filter>
    </ClCompile>
    <ClCompile Include="..\common\src\FileIO.cpp">
      <Filter>Source Files\common</Filter>
    </ClCompile>
    <ClCompile Include="..\common\src\Tryte.cpp">
      <Filter>Source Files\common</Filter>
    </ClCompile>
    <ClCompile Include="..\common\src\util.cpp">
      <Filter>Source Files\common</Filter>
    </ClCompile>
  </ItemGroup>
  <ItemGroup>
    <ClInclude Include="include\assemble.h">
      <Filter>Header Files</Filter>
    </ClInclude>
    <ClInclude Include="include\Block.h">
      <Filter>Header Files</Filter>
    </ClInclude>
    <ClInclude Include="include\error.h">
      <Filter>Header Files</Filter>
    </ClInclude>
    <ClInclude Include="include\handle_instr.h">
      <Filter>Header Files</Filter>
    </ClInclude>
    <ClInclude Include="include\link.h">
      <Filter>Header Files</Filter>
    </ClInclude>
    <ClInclude Include="include\parse.h">
      <Filter>Header Files</Filter>
    </ClInclude>
    <ClInclude Include="include\Statement.h">
      <Filter>Header Files</Filter>
    </ClInclude>
    <ClInclude Include="include\tas.h">
      <Filter>Header Files</Filter>
    </ClInclude>
    <ClInclude Include="include\TASCLOptions.h">
      <Filter>Header Files</Filter>
    </ClInclude>
    <ClInclude Include="include\Token.h">
      <Filter>Header Files</Filter>
    </ClInclude>
    <ClInclude Include="include\tokenize.h">
      <Filter>Header Files</Filter>
    </ClInclude>
    <ClInclude Include="..\common\include\constants.h">
      <Filter>Header Files\common</Filter>
    </ClInclude>
    <ClInclude Include="..\common\include\FileIO.h">
      <Filter>Header Files\common</Filter>
    </ClInclude>
    <ClInclude Include="..\common\include\Tryte.h">
      <Filter>Header Files\common</Filter>
    </ClInclude>
    <ClInclude Include="..\common\include\util.hpp">
      <Filter>Header Files\common</Filter>
    </ClInclude>
  </ItemGroup>
  <ItemGroup>
    <None Include=".gitignore" />
    <None Include="README.md" />
  </ItemGroup>
</Project>