<?xml version="1.0" encoding="utf-8"?>
<Project ToolsVersion="4.0" xmlns="http://schemas.microsoft.com/developer/msbuild/2003">
  <ItemGroup>
    <None Include=".gitignore" />
  </ItemGroup>
  <ItemGroup>
    <Filter Include="Computer">
      <UniqueIdentifier>{ec7c9949-e171-47ec-b62d-72c2ee8499a6}</UniqueIdentifier>
    </Filter>
    <Filter Include="CPU">
      <UniqueIdentifier>{f376ebb7-febd-43e6-9fde-fe7bdacb8c56}</UniqueIdentifier>
    </Filter>
    <Filter Include="GPU">
      <UniqueIdentifier>{ecaff6f0-4b51-4137-a8a7-5032e1c5a0fb}</UniqueIdentifier>
    </Filter>
    <Filter Include="IO">
      <UniqueIdentifier>{e9d6b0ce-18b4-4dac-bd33-22c7ce168c84}</UniqueIdentifier>
    </Filter>
    <Filter Include="Memory">
      <UniqueIdentifier>{665b6344-7a06-46df-b4bf-fb4e786feb79}</UniqueIdentifier>
    </Filter>
    <Filter Include="common">
      <UniqueIdentifier>{0f06cd44-9f1e-469e-b3d0-ba0be18b9e29}</UniqueIdentifier>
    </Filter>
  </ItemGroup>
  <ItemGroup>
    <ClInclude Include="Computer\Computer.h">
      <Filter>Computer</Filter>
    </ClInclude>
    <ClInclude Include="Computer\TriumphCLOptions.h">
      <Filter>Computer</Filter>
    </ClInclude>
    <ClInclude Include="CPU\CPU.h">
      <Filter>CPU</Filter>
    </ClInclude>
    <ClInclude Include="Memory\Bank.h">
      <Filter>Memory</Filter>
    </ClInclude>
    <ClInclude Include="Memory\BankManager.h">
      <Filter>Memory</Filter>
    </ClInclude>
    <ClInclude Include="Memory\Memory.h">
      <Filter>Memory</Filter>
    </ClInclude>
    <ClInclude Include="Memory\MemoryBlock.h">
      <Filter>Memory</Filter>
    </ClInclude>
    <ClInclude Include="IO\Console.h">
      <Filter>IO</Filter>
    </ClInclude>
    <ClInclude Include="IO\Disk.h">
      <Filter>IO</Filter>
    </ClInclude>
    <ClInclude Include="IO\Screen.h">
      <Filter>IO</Filter>
    </ClInclude>
    <ClInclude Include="..\common\constants.h">
      <Filter>common</Filter>
    </ClInclude>
    <ClInclude Include="..\common\FileIO.h">
      <Filter>common</Filter>
    </ClInclude>
    <ClInclude Include="..\common\Tryte.h">
      <Filter>common</Filter>
    </ClInclude>
    <ClInclude Include="..\common\util.h">
      <Filter>common</Filter>
    </ClInclude>
    <ClInclude Include="GPU\GPU.h">
      <Filter>GPU</Filter>
    </ClInclude>
  </ItemGroup>
  <ItemGroup>
    <ClCompile Include="Computer\Computer.cpp">
      <Filter>Computer</Filter>
    </ClCompile>
    <ClCompile Include="Computer\main.cpp">
      <Filter>Computer</Filter>
    </ClCompile>
    <ClCompile Include="CPU\CPU.cpp">
      <Filter>CPU</Filter>
    </ClCompile>
    <ClCompile Include="CPU\CPUdebugger.cpp">
      <Filter>CPU</Filter>
    </ClCompile>
    <ClCompile Include="CPU\CPUInstructions.cpp">
      <Filter>CPU</Filter>
    </ClCompile>
    <ClCompile Include="CPU\CPUjump.cpp">
      <Filter>CPU</Filter>
    </ClCompile>
    <ClCompile Include="Memory\Bank.cpp">
      <Filter>Memory</Filter>
    </ClCompile>
    <ClCompile Include="Memory\BankManager.cpp">
      <Filter>Memory</Filter>
    </ClCompile>
    <ClCompile Include="Memory\Memory.cpp">
      <Filter>Memory</Filter>
    </ClCompile>
    <ClCompile Include="Memory\MemoryBlock.cpp">
      <Filter>Memory</Filter>
    </ClCompile>
    <ClCompile Include="IO\Console.cpp">
      <Filter>IO</Filter>
    </ClCompile>
    <ClCompile Include="IO\Disk.cpp">
      <Filter>IO</Filter>
    </ClCompile>
    <ClCompile Include="IO\Screen.cpp">
      <Filter>IO</Filter>
    </ClCompile>
    <ClCompile Include="..\common\FileIO.cpp">
      <Filter>common</Filter>
    </ClCompile>
    <ClCompile Include="..\common\Tryte.cpp">
      <Filter>common</Filter>
    </ClCompile>
    <ClCompile Include="..\common\util.cpp">
      <Filter>common</Filter>
    </ClCompile>
    <ClCompile Include="GPU\GPU.cpp">
      <Filter>GPU</Filter>
    </ClCompile>
  </ItemGroup>
</Project>