<?xml version="1.0" encoding="utf-8"?>
<Project ToolsVersion="4.0" xmlns="http://schemas.microsoft.com/developer/msbuild/2003">
  <ItemGroup>
    <Filter Include="Source Files">
      <UniqueIdentifier>{4FC737F1-C7A5-4376-A066-2A32D752A2FF}</UniqueIdentifier>
      <Extensions>cpp;c;cc;cxx;c++;cppm;ixx;def;odl;idl;hpj;bat;asm;asmx</Extensions>
    </Filter>
    <Filter Include="Header Files">
      <UniqueIdentifier>{93995380-89BD-4b04-88EB-625FBE52EBFB}</UniqueIdentifier>
      <Extensions>h;hh;hpp;hxx;h++;hm;inl;inc;ipp;xsd</Extensions>
    </Filter>
    <Filter Include="Resource Files">
      <UniqueIdentifier>{67DA6AB6-F800-4c08-8B7A-83BB121AAD01}</UniqueIdentifier>
      <Extensions>rc;ico;cur;bmp;dlg;rc2;rct;bin;rgs;gif;jpg;jpeg;jpe;resx;tiff;tif;png;wav;mfcribbon-ms</Extensions>
    </Filter>
    <Filter Include="Source Files\common">
      <UniqueIdentifier>{99bc70d8-fca6-48c5-a6cb-2db1c88cb779}</UniqueIdentifier>
    </Filter>
    <Filter Include="Header Files\common">
      <UniqueIdentifier>{4748bcef-59e9-4189-96bb-f1c029f235cb}</UniqueIdentifier>
    </Filter>
  </ItemGroup>
  <ItemGroup>
    <ClCompile Include="src\Bank.cpp">
      <Filter>Source Files</Filter>
    </ClCompile>
    <ClCompile Include="src\BankManager.cpp">
      <Filter>Source Files</Filter>
    </ClCompile>
    <ClCompile Include="src\Computer.cpp">
      <Filter>Source Files</Filter>
    </ClCompile>
    <ClCompile Include="src\Console.cpp">
      <Filter>Source Files</Filter>
    </ClCompile>
    <ClCompile Include="src\CPU.cpp">
      <Filter>Source Files</Filter>
    </ClCompile>
    <ClCompile Include="src\CPUdebugger.cpp">
      <Filter>Source Files</Filter>
    </ClCompile>
    <ClCompile Include="src\CPUInstructions.cpp">
      <Filter>Source Files</Filter>
    </ClCompile>
    <ClCompile Include="src\CPUjump.cpp">
      <Filter>Source Files</Filter>
    </ClCompile>
    <ClCompile Include="src\Disk.cpp">
      <Filter>Source Files</Filter>
    </ClCompile>
    <ClCompile Include="src\main.cpp">
      <Filter>Source Files</Filter>
    </ClCompile>
    <ClCompile Include="src\Memory.cpp">
      <Filter>Source Files</Filter>
    </ClCompile>
    <ClCompile Include="src\Screen.cpp">
      <Filter>Source Files</Filter>
    </ClCompile>
    <ClCompile Include="..\common\src\FileIO.cpp">
      <Filter>Source Files\common</Filter>
    </ClCompile>
    <ClCompile Include="..\common\src\Tryte.cpp">
      <Filter>Source Files\common</Filter>
    </ClCompile>
    <ClCompile Include="..\common\src\util.cpp">
      <Filter>Source Files\common</Filter>
    </ClCompile>
  </ItemGroup>
  <ItemGroup>
    <ClInclude Include="include\Bank.h">
      <Filter>Header Files</Filter>
    </ClInclude>
    <ClInclude Include="include\BankManager.h">
      <Filter>Header Files</Filter>
    </ClInclude>
    <ClInclude Include="include\BootDisk.h">
      <Filter>Header Files</Filter>
    </ClInclude>
    <ClInclude Include="include\Computer.h">
      <Filter>Header Files</Filter>
    </ClInclude>
    <ClInclude Include="include\Console.h">
      <Filter>Header Files</Filter>
    </ClInclude>
    <ClInclude Include="include\CPU.h">
      <Filter>Header Files</Filter>
    </ClInclude>
    <ClInclude Include="include\Disk.h">
      <Filter>Header Files</Filter>
    </ClInclude>
    <ClInclude Include="include\Memory.h">
      <Filter>Header Files</Filter>
    </ClInclude>
    <ClInclude Include="include\Screen.h">
      <Filter>Header Files</Filter>
    </ClInclude>
    <ClInclude Include="include\TriumphCLOptions.h">
      <Filter>Header Files</Filter>
    </ClInclude>
    <ClInclude Include="..\common\include\constants.h">
      <Filter>Header Files\common</Filter>
    </ClInclude>
    <ClInclude Include="..\common\include\FileIO.h">
      <Filter>Header Files\common</Filter>
    </ClInclude>
    <ClInclude Include="..\common\include\Tryte.h">
      <Filter>Header Files\common</Filter>
    </ClInclude>
    <ClInclude Include="..\common\include\util.hpp">
      <Filter>Header Files\common</Filter>
    </ClInclude>
  </ItemGroup>
  <ItemGroup>
    <None Include=".gitignore" />
  </ItemGroup>
</Project>